{
  "nodes": {
    "flake-utils": {
      "locked": {
        "lastModified": 1659877975,
        "narHash": "sha256-zllb8aq3YO3h8B/U0/J1WBgAL8EX5yWf5pMj3G0NAmc=",
        "owner": "numtide",
        "repo": "flake-utils",
        "rev": "c0e246b9b83f637f4681389ecabcb2681b4f3af0",
        "type": "github"
      },
      "original": {
        "owner": "numtide",
        "repo": "flake-utils",
        "type": "github"
      }
    },
    "nixpkgs": {
      "locked": {
        "lastModified": 1665763903,
        "narHash": "sha256-znGWY4x688cZ3Ii01qLnhl+mSKpQ9iCufGxfdV6oBOc=",
        "owner": "NixOS",
        "repo": "nixpkgs",
        "rev": "78a37aa630faa41944060a966607d4f1128ea94b",
        "type": "github"
      },
      "original": {
        "owner": "NixOS",
        "ref": "nixos-22.05",
        "repo": "nixpkgs",
        "type": "github"
      }
    },
    "nixpkgs-old": {
      "locked": {
        "lastModified": 1650022871,
        "narHash": "sha256-0DhWgQN5v9TIKu+iVt5FH6V+gZvvp+UCX5cnQ2uiQ2g=",
        "owner": "NixOS",
        "repo": "nixpkgs",
        "rev": "a7cf9372e97725eaa6da1e72698af9d23a3ea083",
        "type": "github"
      },
      "original": {
        "owner": "NixOS",
        "repo": "nixpkgs",
        "rev": "a7cf9372e97725eaa6da1e72698af9d23a3ea083",
        "type": "github"
      }
    },
    "nixpkgs-unstable": {
      "locked": {
        "lastModified": 1665901065,
        "narHash": "sha256-xuJe1mfbyfoQ59z2KV5Ra/G0t/glBpNH5pDaTJSbVd8=",
        "owner": "NixOS",
        "repo": "nixpkgs",
        "rev": "fab6d13fe1287005f0e7f874d827b733372e72db",
        "type": "github"
      },
      "original": {
        "owner": "NixOS",
        "ref": "master",
        "repo": "nixpkgs",
        "type": "github"
      }
    },
    "root": {
      "inputs": {
        "flake-utils": "flake-utils",
        "nixpkgs": "nixpkgs",
        "nixpkgs-old": "nixpkgs-old",
        "nixpkgs-unstable": "nixpkgs-unstable"
      }
    }
  },
  "root": "root",
  "version": 7
}
